# This file is automatically @generated by Cargo.
# It is not intended for manual editing.
version = 4

[[package]]
name = "cineditor"
version = "0.1.0"
dependencies = [
 "cinengine",
]

[[package]]
name = "cinengine"
version = "0.1.0"

[[package]]
name = "game"
version = "0.1.0"
dependencies = [
 "cinengine",
]
